
Microsoft Visual Studio Solution File, Format Version 12.00
# Visual Studio 14
VisualStudioVersion = 14.0.25420.1
MinimumVisualStudioVersion = 10.0.40219.1
Project("{FAE04EC0-301F-11D3-BF4B-00C04F79EFBC}") = "SphinxCorporaMaker", "SphinxCorporaMaker\SphinxCorporaMaker.csproj", "{C8E477F7-A73C-48A7-B5E6-C8A952695C0A}"
EndProject
Project("{FAE04EC0-301F-11D3-BF4B-00C04F79EFBC}") = "Util", "Util\Util.csproj", "{D7D0EF73-E7A7-4F6E-841E-BAE8B16ADFF7}"
EndProject
Global
	GlobalSection(SolutionConfigurationPlatforms) = preSolution
		Debug|Any CPU = Debug|Any CPU
		Release|Any CPU = Release|Any CPU
	EndGlobalSection
	GlobalSection(ProjectConfigurationPlatforms) = postSolution
		{C8E477F7-A73C-48A7-B5E6-C8A952695C0A}.Debug|Any CPU.ActiveCfg = Debug|Any CPU
		{C8E477F7-A73C-48A7-B5E6-C8A952695C0A}.Debug|Any CPU.Build.0 = Debug|Any CPU
		{C8E477F7-A73C-48A7-B5E6-C8A952695C0A}.Release|Any CPU.ActiveCfg = Release|Any CPU
		{C8E477F7-A73C-48A7-B5E6-C8A952695C0A}.Release|Any CPU.Build.0 = Release|Any CPU
		{D7D0EF73-E7A7-4F6E-841E-BAE8B16ADFF7}.Debug|Any CPU.ActiveCfg = Debug|Any CPU
		{D7D0EF73-E7A7-4F6E-841E-BAE8B16ADFF7}.Debug|Any CPU.Build.0 = Debug|Any CPU
		{D7D0EF73-E7A7-4F6E-841E-BAE8B16ADFF7}.Release|Any CPU.ActiveCfg = Release|Any CPU
		{D7D0EF73-E7A7-4F6E-841E-BAE8B16ADFF7}.Release|Any CPU.Build.0 = Release|Any CPU
	EndGlobalSection
	GlobalSection(SolutionProperties) = preSolution
		HideSolutionNode = FALSE
	EndGlobalSection
EndGlobal
